// !$*UTF8*$!
{
	archiveVersion = 1;
	classes = {
	};
	objectVersion = 46;
	objects = {

/* Begin PBXBuildFile section */
		4AC1D1CB1A3749FB0034DBFC /* AppDelegate.swift in Sources */ = {isa = PBXBuildFile; fileRef = 4AC1D1CA1A3749FB0034DBFC /* AppDelegate.swift */; };
		4AC1D1CD1A3749FB0034DBFC /* ViewController.swift in Sources */ = {isa = PBXBuildFile; fileRef = 4AC1D1CC1A3749FB0034DBFC /* ViewController.swift */; };
		4AC1D1D01A3749FC0034DBFC /* Main.storyboard in Resources */ = {isa = PBXBuildFile; fileRef = 4AC1D1CE1A3749FC0034DBFC /* Main.storyboard */; };
		4AC1D1D21A3749FC0034DBFC /* Images.xcassets in Resources */ = {isa = PBXBuildFile; fileRef = 4AC1D1D11A3749FC0034DBFC /* Images.xcassets */; };
		4AC1D1D51A3749FC0034DBFC /* LaunchScreen.xib in Resources */ = {isa = PBXBuildFile; fileRef = 4AC1D1D31A3749FC0034DBFC /* LaunchScreen.xib */; };
		4AC1D1E11A3749FC0034DBFC /* SudokuSolverTests.swift in Sources */ = {isa = PBXBuildFile; fileRef = 4AC1D1E01A3749FC0034DBFC /* SudokuSolverTests.swift */; };
		4AC1D1EB1A374B300034DBFC /* SudokuField.swift in Sources */ = {isa = PBXBuildFile; fileRef = 4AC1D1EA1A374B300034DBFC /* SudokuField.swift */; };
/* End PBXBuildFile section */

/* Begin PBXContainerItemProxy section */
		4AC1D1DB1A3749FC0034DBFC /* PBXContainerItemProxy */ = {
			isa = PBXContainerItemProxy;
			containerPortal = 4AC1D1BD1A3749FB0034DBFC /* Project object */;
			proxyType = 1;
			remoteGlobalIDString = 4AC1D1C41A3749FB0034DBFC;
			remoteInfo = SudokuSolver;
		};
/* End PBXContainerItemProxy section */

/* Begin PBXFileReference section */
		4AC1D1C51A3749FB0034DBFC /* SudokuSolver.app */ = {isa = PBXFileReference; explicitFileType = wrapper.application; includeInIndex = 0; path = SudokuSolver.app; sourceTree = BUILT_PRODUCTS_DIR; };
		4AC1D1C91A3749FB0034DBFC /* Info.plist */ = {isa = PBXFileReference; lastKnownFileType = text.plist.xml; path = Info.plist; sourceTree = "<group>"; };
		4AC1D1CA1A3749FB0034DBFC /* AppDelegate.swift */ = {isa = PBXFileReference; lastKnownFileType = sourcecode.swift; path = AppDelegate.swift; sourceTree = "<group>"; };
		4AC1D1CC1A3749FB0034DBFC /* ViewController.swift */ = {isa = PBXFileReference; lastKnownFileType = sourcecode.swift; path = ViewController.swift; sourceTree = "<group>"; };
		4AC1D1CF1A3749FC0034DBFC /* Base */ = {isa = PBXFileReference; lastKnownFileType = file.storyboard; name = Base; path = Base.lproj/Main.storyboard; sourceTree = "<group>"; };
		4AC1D1D11A3749FC0034DBFC /* Images.xcassets */ = {isa = PBXFileReference; lastKnownFileType = folder.assetcatalog; path = Images.xcassets; sourceTree = "<group>"; };
		4AC1D1D41A3749FC0034DBFC /* Base */ = {isa = PBXFileReference; lastKnownFileType = file.xib; name = Base; path = Base.lproj/LaunchScreen.xib; sourceTree = "<group>"; };
		4AC1D1DA1A3749FC0034DBFC /* SudokuSolverTests.xctest */ = {isa = PBXFileReference; explicitFileType = wrapper.cfbundle; includeInIndex = 0; path = SudokuSolverTests.xctest; sourceTree = BUILT_PRODUCTS_DIR; };
		4AC1D1DF1A3749FC0034DBFC /* Info.plist */ = {isa = PBXFileReference; lastKnownFileType = text.plist.xml; path = Info.plist; sourceTree = "<group>"; };
		4AC1D1E01A3749FC0034DBFC /* SudokuSolverTests.swift */ = {isa = PBXFileReference; lastKnownFileType = sourcecode.swift; path = SudokuSolverTests.swift; sourceTree = "<group>"; };
		4AC1D1EA1A374B300034DBFC /* SudokuField.swift */ = {isa = PBXFileReference; fileEncoding = 4; lastKnownFileType = sourcecode.swift; path = SudokuField.swift; sourceTree = "<group>"; };
/* End PBXFileReference section */

/* Begin PBXFrameworksBuildPhase section */
		4AC1D1C21A3749FB0034DBFC /* Frameworks */ = {
			isa = PBXFrameworksBuildPhase;
			buildActionMask = 2147483647;
			files = (
			);
			runOnlyForDeploymentPostprocessing = 0;
		};
		4AC1D1D71A3749FC0034DBFC /* Frameworks */ = {
			isa = PBXFrameworksBuildPhase;
			buildActionMask = 2147483647;
			files = (
			);
			runOnlyForDeploymentPostprocessing = 0;
		};
/* End PBXFrameworksBuildPhase section */

/* Begin PBXGroup section */
		4AC1D1BC1A3749FB0034DBFC = {
			isa = PBXGroup;
			children = (
				4AC1D1C71A3749FB0034DBFC /* SudokuSolver */,
				4AC1D1DD1A3749FC0034DBFC /* SudokuSolverTests */,
				4AC1D1C61A3749FB0034DBFC /* Products */,
			);
			sourceTree = "<group>";
		};
		4AC1D1C61A3749FB0034DBFC /* Products */ = {
			isa = PBXGroup;
			children = (
				4AC1D1C51A3749FB0034DBFC /* SudokuSolver.app */,
				4AC1D1DA1A3749FC0034DBFC /* SudokuSolverTests.xctest */,
			);
			name = Products;
			sourceTree = "<group>";
		};
		4AC1D1C71A3749FB0034DBFC /* SudokuSolver */ = {
			isa = PBXGroup;
			children = (
				4AC1D1CA1A3749FB0034DBFC /* AppDelegate.swift */,
				4AC1D1CC1A3749FB0034DBFC /* ViewController.swift */,
				4AC1D1EA1A374B300034DBFC /* SudokuField.swift */,
				4AC1D1CE1A3749FC0034DBFC /* Main.storyboard */,
				4AC1D1D11A3749FC0034DBFC /* Images.xcassets */,
				4AC1D1D31A3749FC0034DBFC /* LaunchScreen.xib */,
				4AC1D1C81A3749FB0034DBFC /* Supporting Files */,
			);
			path = SudokuSolver;
			sourceTree = "<group>";
		};
		4AC1D1C81A3749FB0034DBFC /* Supporting Files */ = {
			isa = PBXGroup;
			children = (
				4AC1D1C91A3749FB0034DBFC /* Info.plist */,
			);
			name = "Supporting Files";
			sourceTree = "<group>";
		};
		4AC1D1DD1A3749FC0034DBFC /* SudokuSolverTests */ = {
			isa = PBXGroup;
			children = (
				4AC1D1E01A3749FC0034DBFC /* SudokuSolverTests.swift */,
				4AC1D1DE1A3749FC0034DBFC /* Supporting Files */,
			);
			path = SudokuSolverTests;
			sourceTree = "<group>";
		};
		4AC1D1DE1A3749FC0034DBFC /* Supporting Files */ = {
			isa = PBXGroup;
			children = (
				4AC1D1DF1A3749FC0034DBFC /* Info.plist */,
			);
			name = "Supporting Files";
			sourceTree = "<group>";
		};
/* End PBXGroup section */

/* Begin PBXNativeTarget section */
		4AC1D1C41A3749FB0034DBFC /* SudokuSolver */ = {
			isa = PBXNativeTarget;
			buildConfigurationList = 4AC1D1E41A3749FC0034DBFC /* Build configuration list for PBXNativeTarget "SudokuSolver" */;
			buildPhases = (
				4AC1D1C11A3749FB0034DBFC /* Sources */,
				4AC1D1C21A3749FB0034DBFC /* Frameworks */,
				4AC1D1C31A3749FB0034DBFC /* Resources */,
			);
			buildRules = (
			);
			dependencies = (
			);
			name = SudokuSolver;
			productName = SudokuSolver;
			productReference = 4AC1D1C51A3749FB0034DBFC /* SudokuSolver.app */;
			productType = "com.apple.product-type.application";
		};
		4AC1D1D91A3749FC0034DBFC /* SudokuSolverTests */ = {
			isa = PBXNativeTarget;
			buildConfigurationList = 4AC1D1E71A3749FC0034DBFC /* Build configuration list for PBXNativeTarget "SudokuSolverTests" */;
			buildPhases = (
				4AC1D1D61A3749FC0034DBFC /* Sources */,
				4AC1D1D71A3749FC0034DBFC /* Frameworks */,
				4AC1D1D81A3749FC0034DBFC /* Resources */,
			);
			buildRules = (
			);
			dependencies = (
				4AC1D1DC1A3749FC0034DBFC /* PBXTargetDependency */,
			);
			name = SudokuSolverTests;
			productName = SudokuSolverTests;
			productReference = 4AC1D1DA1A3749FC0034DBFC /* SudokuSolverTests.xctest */;
			productType = "com.apple.product-type.bundle.unit-test";
		};
/* End PBXNativeTarget section */

/* Begin PBXProject section */
		4AC1D1BD1A3749FB0034DBFC /* Project object */ = {
			isa = PBXProject;
			attributes = {
				LastUpgradeCheck = 0610;
				ORGANIZATIONNAME = "Ken Tominaga";
				TargetAttributes = {
					4AC1D1C41A3749FB0034DBFC = {
						CreatedOnToolsVersion = 6.1.1;
					};
					4AC1D1D91A3749FC0034DBFC = {
						CreatedOnToolsVersion = 6.1.1;
						TestTargetID = 4AC1D1C41A3749FB0034DBFC;
					};
				};
			};
			buildConfigurationList = 4AC1D1C01A3749FB0034DBFC /* Build configuration list for PBXProject "SudokuSolver" */;
			compatibilityVersion = "Xcode 3.2";
			developmentRegion = English;
			hasScannedForEncodings = 0;
			knownRegions = (
				en,
				Base,
			);
			mainGroup = 4AC1D1BC1A3749FB0034DBFC;
			productRefGroup = 4AC1D1C61A3749FB0034DBFC /* Products */;
			projectDirPath = "";
			projectRoot = "";
			targets = (
				4AC1D1C41A3749FB0034DBFC /* SudokuSolver */,
				4AC1D1D91A3749FC0034DBFC /* SudokuSolverTests */,
			);
		};
/* End PBXProject section */

/* Begin PBXResourcesBuildPhase section */
		4AC1D1C31A3749FB0034DBFC /* Resources */ = {
			isa = PBXResourcesBuildPhase;
			buildActionMask = 2147483647;
			files = (
				4AC1D1D01A3749FC0034DBFC /* Main.storyboard in Resources */,
				4AC1D1D51A3749FC0034DBFC /* LaunchScreen.xib in Resources */,
				4AC1D1D21A3749FC0034DBFC /* Images.xcassets in Resources */,
			);
			runOnlyForDeploymentPostprocessing = 0;
		};
		4AC1D1D81A3749FC0034DBFC /* Resources */ = {
			isa = PBXResourcesBuildPhase;
			buildActionMask = 2147483647;
			files = (
			);
			runOnlyForDeploymentPostprocessing = 0;
		};
/* End PBXResourcesBuildPhase section */

/* Begin PBXSourcesBuildPhase section */
		4AC1D1C11A3749FB0034DBFC /* Sources */ = {
			isa = PBXSourcesBuildPhase;
			buildActionMask = 2147483647;
			files = (
				4AC1D1EB1A374B300034DBFC /* SudokuField.swift in Sources */,
				4AC1D1CD1A3749FB0034DBFC /* ViewController.swift in Sources */,
				4AC1D1CB1A3749FB0034DBFC /* AppDelegate.swift in Sources */,
			);
			runOnlyForDeploymentPostprocessing = 0;
		};
		4AC1D1D61A3749FC0034DBFC /* Sources */ = {
			isa = PBXSourcesBuildPhase;
			buildActionMask = 2147483647;
			files = (
				4AC1D1E11A3749FC0034DBFC /* SudokuSolverTests.swift in Sources */,
			);
			runOnlyForDeploymentPostprocessing = 0;
		};
/* End PBXSourcesBuildPhase section */

/* Begin PBXTargetDependency section */
		4AC1D1DC1A3749FC0034DBFC /* PBXTargetDependency */ = {
			isa = PBXTargetDependency;
			target = 4AC1D1C41A3749FB0034DBFC /* SudokuSolver */;
			targetProxy = 4AC1D1DB1A3749FC0034DBFC /* PBXContainerItemProxy */;
		};
/* End PBXTargetDependency section */

/* Begin PBXVariantGroup section */
		4AC1D1CE1A3749FC0034DBFC /* Main.storyboard */ = {
			isa = PBXVariantGroup;
			children = (
				4AC1D1CF1A3749FC0034DBFC /* Base */,
			);
			name = Main.storyboard;
			sourceTree = "<group>";
		};
		4AC1D1D31A3749FC0034DBFC /* LaunchScreen.xib */ = {
			isa = PBXVariantGroup;
			children = (
				4AC1D1D41A3749FC0034DBFC /* Base */,
			);
			name = LaunchScreen.xib;
			sourceTree = "<group>";
		};
/* End PBXVariantGroup section */

/* Begin XCBuildConfiguration section */
		4AC1D1E21A3749FC0034DBFC /* Debug */ = {
			isa = XCBuildConfiguration;
			buildSettings = {
				ALWAYS_SEARCH_USER_PATHS = NO;
				CLANG_CXX_LANGUAGE_STANDARD = "gnu++0x";
				CLANG_CXX_LIBRARY = "libc++";
				CLANG_ENABLE_MODULES = YES;
				CLANG_ENABLE_OBJC_ARC = YES;
				CLANG_WARN_BOOL_CONVERSION = YES;
				CLANG_WARN_CONSTANT_CONVERSION = YES;
				CLANG_WARN_DIRECT_OBJC_ISA_USAGE = YES_ERROR;
				CLANG_WARN_EMPTY_BODY = YES;
				CLANG_WARN_ENUM_CONVERSION = YES;
				CLANG_WARN_INT_CONVERSION = YES;
				CLANG_WARN_OBJC_ROOT_CLASS = YES_ERROR;
				CLANG_WARN_UNREACHABLE_CODE = YES;
				CLANG_WARN__DUPLICATE_METHOD_MATCH = YES;
				"CODE_SIGN_IDENTITY[sdk=iphoneos*]" = "iPhone Developer";
				COPY_PHASE_STRIP = NO;
				ENABLE_STRICT_OBJC_MSGSEND = YES;
				GCC_C_LANGUAGE_STANDARD = gnu99;
				GCC_DYNAMIC_NO_PIC = NO;
				GCC_OPTIMIZATION_LEVEL = 0;
				GCC_PREPROCESSOR_DEFINITIONS = (
					"DEBUG=1",
					"$(inherited)",
				);
				GCC_SYMBOLS_PRIVATE_EXTERN = NO;
				GCC_WARN_64_TO_32_BIT_CONVERSION = YES;
				GCC_WARN_ABOUT_RETURN_TYPE = YES_ERROR;
				GCC_WARN_UNDECLARED_SELECTOR = YES;
				GCC_WARN_UNINITIALIZED_AUTOS = YES_AGGRESSIVE;
				GCC_WARN_UNUSED_FUNCTION = YES;
				GCC_WARN_UNUSED_VARIABLE = YES;
				IPHONEOS_DEPLOYMENT_TARGET = 8.1;
				MTL_ENABLE_DEBUG_INFO = YES;
				ONLY_ACTIVE_ARCH = YES;
				SDKROOT = iphoneos;
				SWIFT_OPTIMIZATION_LEVEL = "-Onone";
			};
			name = Debug;
		};
		4AC1D1E31A3749FC0034DBFC /* Release */ = {
			isa = XCBuildConfiguration;
			buildSettings = {
				ALWAYS_SEARCH_USER_PATHS = NO;
				CLANG_CXX_LANGUAGE_STANDARD = "gnu++0x";
				CLANG_CXX_LIBRARY = "libc++";
				CLANG_ENABLE_MODULES = YES;
				CLANG_ENABLE_OBJC_ARC = YES;
				CLANG_WARN_BOOL_CONVERSION = YES;
				CLANG_WARN_CONSTANT_CONVERSION = YES;
				CLANG_WARN_DIRECT_OBJC_ISA_USAGE = YES_ERROR;
				CLANG_WARN_EMPTY_BODY = YES;
				CLANG_WARN_ENUM_CONVERSION = YES;
				CLANG_WARN_INT_CONVERSION = YES;
				CLANG_WARN_OBJC_ROOT_CLASS = YES_ERROR;
				CLANG_WARN_UNREACHABLE_CODE = YES;
				CLANG_WARN__DUPLICATE_METHOD_MATCH = YES;
				"CODE_SIGN_IDENTITY[sdk=iphoneos*]" = "iPhone Developer";
				COPY_PHASE_STRIP = YES;
				ENABLE_NS_ASSERTIONS = NO;
				ENABLE_STRICT_OBJC_MSGSEND = YES;
				GCC_C_LANGUAGE_STANDARD = gnu99;
				GCC_WARN_64_TO_32_BIT_CONVERSION = YES;
				GCC_WARN_ABOUT_RETURN_TYPE = YES_ERROR;
				GCC_WARN_UNDECLARED_SELECTOR = YES;
				GCC_WARN_UNINITIALIZED_AUTOS = YES_AGGRESSIVE;
				GCC_WARN_UNUSED_FUNCTION = YES;
				GCC_WARN_UNUSED_VARIABLE = YES;
				IPHONEOS_DEPLOYMENT_TARGET = 8.1;
				MTL_ENABLE_DEBUG_INFO = NO;
				SDKROOT = iphoneos;
				VALIDATE_PRODUCT = YES;
			};
			name = Release;
		};
		4AC1D1E51A3749FC0034DBFC /* Debug */ = {
			isa = XCBuildConfiguration;
			buildSettings = {
				ASSETCATALOG_COMPILER_APPICON_NAME = AppIcon;
				INFOPLIST_FILE = SudokuSolver/Info.plist;
				LD_RUNPATH_SEARCH_PATHS = "$(inherited) @executable_path/Frameworks";
				PRODUCT_NAME = "$(TARGET_NAME)";
			};
			name = Debug;
		};
		4AC1D1E61A3749FC0034DBFC /* Release */ = {
			isa = XCBuildConfiguration;
			buildSettings = {
				ASSETCATALOG_COMPILER_APPICON_NAME = AppIcon;
				INFOPLIST_FILE = SudokuSolver/Info.plist;
				LD_RUNPATH_SEARCH_PATHS = "$(inherited) @executable_path/Frameworks";
				PRODUCT_NAME = "$(TARGET_NAME)";
			};
			name = Release;
		};
		4AC1D1E81A3749FC0034DBFC /* Debug */ = {
			isa = XCBuildConfiguration;
			buildSettings = {
				BUNDLE_LOADER = "$(TEST_HOST)";
				FRAMEWORK_SEARCH_PATHS = (
					"$(SDKROOT)/Developer/Library/Frameworks",
					"$(inherited)",
				);
				GCC_PREPROCESSOR_DEFINITIONS = (
					"DEBUG=1",
					"$(inherited)",
				);
				INFOPLIST_FILE = SudokuSolverTests/Info.plist;
				LD_RUNPATH_SEARCH_PATHS = "$(inherited) @executable_path/Frameworks @loader_path/Frameworks";
				PRODUCT_NAME = "$(TARGET_NAME)";
				TEST_HOST = "$(BUILT_PRODUCTS_DIR)/SudokuSolver.app/SudokuSolver";
			};
			name = Debug;
		};
		4AC1D1E91A3749FC0034DBFC /* Release */ = {
			isa = XCBuildConfiguration;
			buildSettings = {
				BUNDLE_LOADER = "$(TEST_HOST)";
				FRAMEWORK_SEARCH_PATHS = (
					"$(SDKROOT)/Developer/Library/Frameworks",
					"$(inherited)",
				);
				INFOPLIST_FILE = SudokuSolverTests/Info.plist;
				LD_RUNPATH_SEARCH_PATHS = "$(inherited) @executable_path/Frameworks @loader_path/Frameworks";
				PRODUCT_NAME = "$(TARGET_NAME)";
				TEST_HOST = "$(BUILT_PRODUCTS_DIR)/SudokuSolver.app/SudokuSolver";
			};
			name = Release;
		};
/* End XCBuildConfiguration section */

/* Begin XCConfigurationList section */
		4AC1D1C01A3749FB0034DBFC /* Build configuration list for PBXProject "SudokuSolver" */ = {
			isa = XCConfigurationList;
			buildConfigurations = (
				4AC1D1E21A3749FC0034DBFC /* Debug */,
				4AC1D1E31A3749FC0034DBFC /* Release */,
			);
			defaultConfigurationIsVisible = 0;
			defaultConfigurationName = Release;
		};
		4AC1D1E41A3749FC0034DBFC /* Build configuration list for PBXNativeTarget "SudokuSolver" */ = {
			isa = XCConfigurationList;
			buildConfigurations = (
				4AC1D1E51A3749FC0034DBFC /* Debug */,
				4AC1D1E61A3749FC0034DBFC /* Release */,
			);
			defaultConfigurationIsVisible = 0;
		};
		4AC1D1E71A3749FC0034DBFC /* Build configuration list for PBXNativeTarget "SudokuSolverTests" */ = {
			isa = XCConfigurationList;
			buildConfigurations = (
				4AC1D1E81A3749FC0034DBFC /* Debug */,
				4AC1D1E91A3749FC0034DBFC /* Release */,
			);
			defaultConfigurationIsVisible = 0;
		};
/* End XCConfigurationList section */
	};
	rootObject = 4AC1D1BD1A3749FB0034DBFC /* Project object */;
}
